
Microsoft Visual Studio Solution File, Format Version 12.00
# Visual Studio Version 17
VisualStudioVersion = 17.2.32630.192
MinimumVisualStudioVersion = 10.0.40219.1
Project("{9A19103F-16F7-4668-BE54-9A1E7A4F7556}") = "OnlineShop.Web", "OnlineShop.Web\OnlineShop.Web.csproj", "{67035B36-AFDD-4432-AB41-4EF0739FEC9A}"
EndProject
Project("{9A19103F-16F7-4668-BE54-9A1E7A4F7556}") = "OnlineShop.Api", "OnlineShop.Api\OnlineShop.Api.csproj", "{B2FD2091-994C-4077-B5A7-074D9A7B90B8}"
EndProject
Project("{9A19103F-16F7-4668-BE54-9A1E7A4F7556}") = "OnlineShop.Data", "OnlineShop.Data\OnlineShop.Data.csproj", "{49DA8E5D-2DB4-433A-B7E7-0063C21B0CE7}"
EndProject
Project("{FAE04EC0-301F-11D3-BF4B-00C04F79EFBC}") = "OnlineShop.Models", "OnlineShop.Models\OnlineShop.Models.csproj", "{109960F8-D3BF-4B05-BC57-9074B48497B7}"
EndProject
Global
	GlobalSection(SolutionConfigurationPlatforms) = preSolution
		Debug|Any CPU = Debug|Any CPU
		Release|Any CPU = Release|Any CPU
	EndGlobalSection
	GlobalSection(ProjectConfigurationPlatforms) = postSolution
		{67035B36-AFDD-4432-AB41-4EF0739FEC9A}.Debug|Any CPU.ActiveCfg = Debug|Any CPU
		{67035B36-AFDD-4432-AB41-4EF0739FEC9A}.Debug|Any CPU.Build.0 = Debug|Any CPU
		{67035B36-AFDD-4432-AB41-4EF0739FEC9A}.Release|Any CPU.ActiveCfg = Release|Any CPU
		{67035B36-AFDD-4432-AB41-4EF0739FEC9A}.Release|Any CPU.Build.0 = Release|Any CPU
		{B2FD2091-994C-4077-B5A7-074D9A7B90B8}.Debug|Any CPU.ActiveCfg = Debug|Any CPU
		{B2FD2091-994C-4077-B5A7-074D9A7B90B8}.Debug|Any CPU.Build.0 = Debug|Any CPU
		{B2FD2091-994C-4077-B5A7-074D9A7B90B8}.Release|Any CPU.ActiveCfg = Release|Any CPU
		{B2FD2091-994C-4077-B5A7-074D9A7B90B8}.Release|Any CPU.Build.0 = Release|Any CPU
		{49DA8E5D-2DB4-433A-B7E7-0063C21B0CE7}.Debug|Any CPU.ActiveCfg = Debug|Any CPU
		{49DA8E5D-2DB4-433A-B7E7-0063C21B0CE7}.Debug|Any CPU.Build.0 = Debug|Any CPU
		{49DA8E5D-2DB4-433A-B7E7-0063C21B0CE7}.Release|Any CPU.ActiveCfg = Release|Any CPU
		{49DA8E5D-2DB4-433A-B7E7-0063C21B0CE7}.Release|Any CPU.Build.0 = Release|Any CPU
		{109960F8-D3BF-4B05-BC57-9074B48497B7}.Debug|Any CPU.ActiveCfg = Debug|Any CPU
		{109960F8-D3BF-4B05-BC57-9074B48497B7}.Debug|Any CPU.Build.0 = Debug|Any CPU
		{109960F8-D3BF-4B05-BC57-9074B48497B7}.Release|Any CPU.ActiveCfg = Release|Any CPU
		{109960F8-D3BF-4B05-BC57-9074B48497B7}.Release|Any CPU.Build.0 = Release|Any CPU
	EndGlobalSection
	GlobalSection(SolutionProperties) = preSolution
		HideSolutionNode = FALSE
	EndGlobalSection
	GlobalSection(ExtensibilityGlobals) = postSolution
		SolutionGuid = {1E192201-95C4-4E96-B7B1-7A12AFF9E315}
	EndGlobalSection
EndGlobal
